
Microsoft Visual Studio Solution File, Format Version 12.00
# Visual Studio Version 17
VisualStudioVersion = 17.1.32407.343
MinimumVisualStudioVersion = 10.0.40219.1
Project("{FAE04EC0-301F-11D3-BF4B-00C04F79EFBC}") = "lab3_2", "lab3_2\lab3_2.csproj", "{83268576-E464-4454-8366-91A39F290C15}"
EndProject
Global
	GlobalSection(SolutionConfigurationPlatforms) = preSolution
		Debug|Any CPU = Debug|Any CPU
		Release|Any CPU = Release|Any CPU
	EndGlobalSection
	GlobalSection(ProjectConfigurationPlatforms) = postSolution
		{83268576-E464-4454-8366-91A39F290C15}.Debug|Any CPU.ActiveCfg = Debug|Any CPU
		{83268576-E464-4454-8366-91A39F290C15}.Debug|Any CPU.Build.0 = Debug|Any CPU
		{83268576-E464-4454-8366-91A39F290C15}.Release|Any CPU.ActiveCfg = Release|Any CPU
		{83268576-E464-4454-8366-91A39F290C15}.Release|Any CPU.Build.0 = Release|Any CPU
	EndGlobalSection
	GlobalSection(SolutionProperties) = preSolution
		HideSolutionNode = FALSE
	EndGlobalSection
	GlobalSection(ExtensibilityGlobals) = postSolution
		SolutionGuid = {C4816017-FCA5-4661-891C-9A3B6F3147F4}
	EndGlobalSection
EndGlobal
