
Microsoft Visual Studio Solution File, Format Version 12.00
# Visual Studio Version 17
VisualStudioVersion = 17.1.32407.343
MinimumVisualStudioVersion = 10.0.40219.1
Project("{FAE04EC0-301F-11D3-BF4B-00C04F79EFBC}") = "pachka", "pachka\pachka.csproj", "{45DA42D5-A454-4AC7-9FB0-15AAB8B8719A}"
EndProject
Global
	GlobalSection(SolutionConfigurationPlatforms) = preSolution
		Debug|Any CPU = Debug|Any CPU
		Release|Any CPU = Release|Any CPU
	EndGlobalSection
	GlobalSection(ProjectConfigurationPlatforms) = postSolution
		{45DA42D5-A454-4AC7-9FB0-15AAB8B8719A}.Debug|Any CPU.ActiveCfg = Debug|Any CPU
		{45DA42D5-A454-4AC7-9FB0-15AAB8B8719A}.Debug|Any CPU.Build.0 = Debug|Any CPU
		{45DA42D5-A454-4AC7-9FB0-15AAB8B8719A}.Release|Any CPU.ActiveCfg = Release|Any CPU
		{45DA42D5-A454-4AC7-9FB0-15AAB8B8719A}.Release|Any CPU.Build.0 = Release|Any CPU
	EndGlobalSection
	GlobalSection(SolutionProperties) = preSolution
		HideSolutionNode = FALSE
	EndGlobalSection
	GlobalSection(ExtensibilityGlobals) = postSolution
		SolutionGuid = {0546D1E8-46CB-4C13-901E-15F26981EC27}
	EndGlobalSection
EndGlobal
