
Microsoft Visual Studio Solution File, Format Version 12.00
# Visual Studio Version 17
VisualStudioVersion = 17.1.32407.343
MinimumVisualStudioVersion = 10.0.40219.1
Project("{FAE04EC0-301F-11D3-BF4B-00C04F79EFBC}") = "lab3", "lab3\lab3.csproj", "{66F81FB8-E7ED-4909-93F1-19E3AD829BDA}"
EndProject
Global
	GlobalSection(SolutionConfigurationPlatforms) = preSolution
		Debug|Any CPU = Debug|Any CPU
		Release|Any CPU = Release|Any CPU
	EndGlobalSection
	GlobalSection(ProjectConfigurationPlatforms) = postSolution
		{66F81FB8-E7ED-4909-93F1-19E3AD829BDA}.Debug|Any CPU.ActiveCfg = Debug|Any CPU
		{66F81FB8-E7ED-4909-93F1-19E3AD829BDA}.Debug|Any CPU.Build.0 = Debug|Any CPU
		{66F81FB8-E7ED-4909-93F1-19E3AD829BDA}.Release|Any CPU.ActiveCfg = Release|Any CPU
		{66F81FB8-E7ED-4909-93F1-19E3AD829BDA}.Release|Any CPU.Build.0 = Release|Any CPU
	EndGlobalSection
	GlobalSection(SolutionProperties) = preSolution
		HideSolutionNode = FALSE
	EndGlobalSection
	GlobalSection(ExtensibilityGlobals) = postSolution
		SolutionGuid = {556C9A3F-6B35-4529-AF41-E0D052E7F68D}
	EndGlobalSection
EndGlobal
